
Microsoft Visual Studio Solution File, Format Version 12.00
# Visual Studio Version 16
VisualStudioVersion = 16.0.30204.135
MinimumVisualStudioVersion = 10.0.40219.1
Project("{FAE04EC0-301F-11D3-BF4B-00C04F79EFBC}") = "ABCPharmWebApp", "ABCPharmWebApp\ABCPharmWebApp.csproj", "{28C62A34-BD13-4769-B66E-8B3E8FE8DBC9}"
EndProject
Global
	GlobalSection(SolutionConfigurationPlatforms) = preSolution
		Debug|Any CPU = Debug|Any CPU
		Release|Any CPU = Release|Any CPU
	EndGlobalSection
	GlobalSection(ProjectConfigurationPlatforms) = postSolution
		{28C62A34-BD13-4769-B66E-8B3E8FE8DBC9}.Debug|Any CPU.ActiveCfg = Debug|Any CPU
		{28C62A34-BD13-4769-B66E-8B3E8FE8DBC9}.Debug|Any CPU.Build.0 = Debug|Any CPU
		{28C62A34-BD13-4769-B66E-8B3E8FE8DBC9}.Release|Any CPU.ActiveCfg = Release|Any CPU
		{28C62A34-BD13-4769-B66E-8B3E8FE8DBC9}.Release|Any CPU.Build.0 = Release|Any CPU
	EndGlobalSection
	GlobalSection(SolutionProperties) = preSolution
		HideSolutionNode = FALSE
	EndGlobalSection
	GlobalSection(ExtensibilityGlobals) = postSolution
		SolutionGuid = {7510F3AA-C7E6-4D39-85B5-A3FCF7BE89E9}
	EndGlobalSection
EndGlobal
